
Microsoft Visual Studio Solution File, Format Version 12.00
Project("{FAE04EC0-301F-11D3-BF4B-00C04F79EFBC}") = "HelloTest", "HelloTest\HelloTest.csproj", "{37508365-8C6A-4048-8AA0-DB52812DA381}"
EndProject
Project("{FAE04EC0-301F-11D3-BF4B-00C04F79EFBC}") = "Assembly-CSharp", "..\Assembly-CSharp.csproj", "{2DF89B83-C3B6-919F-282A-A4056B92E8EA}"
EndProject
Global
	GlobalSection(SolutionConfigurationPlatforms) = preSolution
		Debug|Any CPU = Debug|Any CPU
		Release|Any CPU = Release|Any CPU
	EndGlobalSection
	GlobalSection(ProjectConfigurationPlatforms) = postSolution
		{37508365-8C6A-4048-8AA0-DB52812DA381}.Debug|Any CPU.ActiveCfg = Debug|Any CPU
		{37508365-8C6A-4048-8AA0-DB52812DA381}.Debug|Any CPU.Build.0 = Debug|Any CPU
		{37508365-8C6A-4048-8AA0-DB52812DA381}.Release|Any CPU.ActiveCfg = Release|Any CPU
		{37508365-8C6A-4048-8AA0-DB52812DA381}.Release|Any CPU.Build.0 = Release|Any CPU
		{2DF89B83-C3B6-919F-282A-A4056B92E8EA}.Debug|Any CPU.ActiveCfg = Debug|Any CPU
		{2DF89B83-C3B6-919F-282A-A4056B92E8EA}.Debug|Any CPU.Build.0 = Debug|Any CPU
		{2DF89B83-C3B6-919F-282A-A4056B92E8EA}.Release|Any CPU.ActiveCfg = Release|Any CPU
		{2DF89B83-C3B6-919F-282A-A4056B92E8EA}.Release|Any CPU.Build.0 = Release|Any CPU
	EndGlobalSection
EndGlobal
